
Microsoft Visual Studio Solution File, Format Version 12.00
# Visual Studio 15
Project("{FAE04EC0-301F-11D3-BF4B-00C04F79EFBC}") = "Assembly-CSharp", "Assembly-CSharp.csproj", "{64F5CFEA-E491-A229-2353-CF0F7F9F5E66}"
EndProject
Global
	GlobalSection(SolutionConfigurationPlatforms) = preSolution
		Debug|Any CPU = Debug|Any CPU
		Release|Any CPU = Release|Any CPU
	EndGlobalSection
	GlobalSection(ProjectConfigurationPlatforms) = postSolution
		{64F5CFEA-E491-A229-2353-CF0F7F9F5E66}.Debug|Any CPU.ActiveCfg = Debug|Any CPU
		{64F5CFEA-E491-A229-2353-CF0F7F9F5E66}.Debug|Any CPU.Build.0 = Debug|Any CPU
		{64F5CFEA-E491-A229-2353-CF0F7F9F5E66}.Release|Any CPU.ActiveCfg = Release|Any CPU
		{64F5CFEA-E491-A229-2353-CF0F7F9F5E66}.Release|Any CPU.Build.0 = Release|Any CPU
	EndGlobalSection
	GlobalSection(SolutionProperties) = preSolution
		HideSolutionNode = FALSE
	EndGlobalSection
	GlobalSection(MonoDevelopProperties) = preSolution
		StartupItem = Assembly-CSharp.csproj
	EndGlobalSection
EndGlobal
